
Microsoft Visual Studio Solution File, Format Version 12.00
# Visual Studio 15
VisualStudioVersion = 15.0.28307.1800
MinimumVisualStudioVersion = 10.0.40219.1
Project("{FAE04EC0-301F-11D3-BF4B-00C04F79EFBC}") = "MvcOnlineTicariOtomasyon", "MvcOnlineTicariOtomasyon\MvcOnlineTicariOtomasyon.csproj", "{DAA069D0-2D68-4F60-994E-76F8CC3F8726}"
EndProject
Global
	GlobalSection(SolutionConfigurationPlatforms) = preSolution
		Debug|Any CPU = Debug|Any CPU
		Release|Any CPU = Release|Any CPU
	EndGlobalSection
	GlobalSection(ProjectConfigurationPlatforms) = postSolution
		{DAA069D0-2D68-4F60-994E-76F8CC3F8726}.Debug|Any CPU.ActiveCfg = Debug|Any CPU
		{DAA069D0-2D68-4F60-994E-76F8CC3F8726}.Debug|Any CPU.Build.0 = Debug|Any CPU
		{DAA069D0-2D68-4F60-994E-76F8CC3F8726}.Release|Any CPU.ActiveCfg = Release|Any CPU
		{DAA069D0-2D68-4F60-994E-76F8CC3F8726}.Release|Any CPU.Build.0 = Release|Any CPU
	EndGlobalSection
	GlobalSection(SolutionProperties) = preSolution
		HideSolutionNode = FALSE
	EndGlobalSection
	GlobalSection(ExtensibilityGlobals) = postSolution
		SolutionGuid = {2A8D8956-BEEE-44AD-B0A0-D31ECFC030A7}
	EndGlobalSection
EndGlobal
